
Microsoft Visual Studio Solution File, Format Version 12.00
# Visual Studio Version 16
VisualStudioVersion = 16.0.32126.315
MinimumVisualStudioVersion = 10.0.40219.1
Project("{FAE04EC0-301F-11D3-BF4B-00C04F79EFBC}") = "ConditionalsLoopMethodsDemo", "ConditionalsLoopMethodsDemo.csproj", "{0DCA9EE5-365E-4219-A054-55983B50FF5D}"
EndProject
Global
	GlobalSection(SolutionConfigurationPlatforms) = preSolution
		Debug|Any CPU = Debug|Any CPU
		Release|Any CPU = Release|Any CPU
	EndGlobalSection
	GlobalSection(ProjectConfigurationPlatforms) = postSolution
		{0DCA9EE5-365E-4219-A054-55983B50FF5D}.Debug|Any CPU.ActiveCfg = Debug|Any CPU
		{0DCA9EE5-365E-4219-A054-55983B50FF5D}.Debug|Any CPU.Build.0 = Debug|Any CPU
		{0DCA9EE5-365E-4219-A054-55983B50FF5D}.Release|Any CPU.ActiveCfg = Release|Any CPU
		{0DCA9EE5-365E-4219-A054-55983B50FF5D}.Release|Any CPU.Build.0 = Release|Any CPU
	EndGlobalSection
	GlobalSection(SolutionProperties) = preSolution
		HideSolutionNode = FALSE
	EndGlobalSection
	GlobalSection(ExtensibilityGlobals) = postSolution
		SolutionGuid = {44E163F9-B840-4380-BC44-CC1ED59AC910}
	EndGlobalSection
EndGlobal
